
Microsoft Visual Studio Solution File, Format Version 12.00
# Visual Studio Version 17
VisualStudioVersion = 17.10.35122.118
MinimumVisualStudioVersion = 10.0.40219.1
Project("{9A19103F-16F7-4668-BE54-9A1E7A4F7556}") = "shopping.client", "shopping.client\shopping.client.csproj", "{27A4236B-61A6-42E2-B8E0-71C85701CBF2}"
EndProject
Project("{9A19103F-16F7-4668-BE54-9A1E7A4F7556}") = "shopping.api", "shopping.api\shopping.api.csproj", "{8269C9CF-B1B0-4FA0-A7A2-140E21299D38}"
EndProject
Project("{FAE04EC0-301F-11D3-BF4B-00C04F79EFBC}") = "Mongoconnectioncheck", "Mongoconnectioncheck\Mongoconnectioncheck.csproj", "{AB766958-52C6-478F-B0E9-77DC480B8AEF}"
EndProject
Project("{E53339B2-1760-4266-BCC7-CA923CBCF16C}") = "docker-compose", "docker-compose.dcproj", "{20ECD9AE-DB54-42D9-BDD4-9145611FE945}"
EndProject
Project("{2150E333-8FDC-42A3-9474-1A3956D46DE8}") = "Solution Items", "Solution Items", "{A5625559-4758-49F2-8152-B9BF0F721C76}"
	ProjectSection(SolutionItems) = preProject
		.gitignore = .gitignore
	EndProjectSection
EndProject
Global
	GlobalSection(SolutionConfigurationPlatforms) = preSolution
		Debug|Any CPU = Debug|Any CPU
		Release|Any CPU = Release|Any CPU
	EndGlobalSection
	GlobalSection(ProjectConfigurationPlatforms) = postSolution
		{27A4236B-61A6-42E2-B8E0-71C85701CBF2}.Debug|Any CPU.ActiveCfg = Debug|Any CPU
		{27A4236B-61A6-42E2-B8E0-71C85701CBF2}.Debug|Any CPU.Build.0 = Debug|Any CPU
		{27A4236B-61A6-42E2-B8E0-71C85701CBF2}.Release|Any CPU.ActiveCfg = Release|Any CPU
		{27A4236B-61A6-42E2-B8E0-71C85701CBF2}.Release|Any CPU.Build.0 = Release|Any CPU
		{8269C9CF-B1B0-4FA0-A7A2-140E21299D38}.Debug|Any CPU.ActiveCfg = Debug|Any CPU
		{8269C9CF-B1B0-4FA0-A7A2-140E21299D38}.Debug|Any CPU.Build.0 = Debug|Any CPU
		{8269C9CF-B1B0-4FA0-A7A2-140E21299D38}.Release|Any CPU.ActiveCfg = Release|Any CPU
		{8269C9CF-B1B0-4FA0-A7A2-140E21299D38}.Release|Any CPU.Build.0 = Release|Any CPU
		{AB766958-52C6-478F-B0E9-77DC480B8AEF}.Debug|Any CPU.ActiveCfg = Debug|Any CPU
		{AB766958-52C6-478F-B0E9-77DC480B8AEF}.Debug|Any CPU.Build.0 = Debug|Any CPU
		{AB766958-52C6-478F-B0E9-77DC480B8AEF}.Release|Any CPU.ActiveCfg = Release|Any CPU
		{AB766958-52C6-478F-B0E9-77DC480B8AEF}.Release|Any CPU.Build.0 = Release|Any CPU
		{20ECD9AE-DB54-42D9-BDD4-9145611FE945}.Debug|Any CPU.ActiveCfg = Debug|Any CPU
		{20ECD9AE-DB54-42D9-BDD4-9145611FE945}.Debug|Any CPU.Build.0 = Debug|Any CPU
		{20ECD9AE-DB54-42D9-BDD4-9145611FE945}.Release|Any CPU.ActiveCfg = Release|Any CPU
		{20ECD9AE-DB54-42D9-BDD4-9145611FE945}.Release|Any CPU.Build.0 = Release|Any CPU
	EndGlobalSection
	GlobalSection(SolutionProperties) = preSolution
		HideSolutionNode = FALSE
	EndGlobalSection
	GlobalSection(ExtensibilityGlobals) = postSolution
		SolutionGuid = {7DE280EA-9A4F-495E-BC37-99EC2261C278}
	EndGlobalSection
EndGlobal
